<?xml version="1.0" encoding="utf-8"?>
<Project ToolsVersion="4.0" xmlns="http://schemas.microsoft.com/developer/msbuild/2003">
  <ItemGroup>
    <Filter Include="_Utility">
      <UniqueIdentifier>{28de0935-12d7-463d-b2ee-30552f85226d}</UniqueIdentifier>
    </Filter>
    <Filter Include="_EventHandler">
      <UniqueIdentifier>{c057cd44-effd-449c-aa57-d8ca3ad5ce99}</UniqueIdentifier>
    </Filter>
    <Filter Include="_Components">
      <UniqueIdentifier>{975c836c-a164-42c4-a740-ecf07054e7e1}</UniqueIdentifier>
    </Filter>
    <Filter Include="_Actions">
      <UniqueIdentifier>{d1f25425-923b-49f1-891b-0d83d1d32bb6}</UniqueIdentifier>
    </Filter>
    <Filter Include="_EventData">
      <UniqueIdentifier>{beb93c7e-fb72-401c-b5c8-6edb8f6029b1}</UniqueIdentifier>
    </Filter>
  </ItemGroup>
  <ItemGroup>
    <None Include="DemoSat.pde" />
  </ItemGroup>
  <ItemGroup>
    <ClInclude Include="Event.h">
      <Filter>_EventHandler</Filter>
    </ClInclude>
    <ClInclude Include="EventAction.h">
      <Filter>_EventHandler</Filter>
    </ClInclude>
    <ClInclude Include="EventDictionary.h">
      <Filter>_EventHandler</Filter>
    </ClInclude>
    <ClInclude Include="EventHandler.h">
      <Filter>_EventHandler</Filter>
    </ClInclude>
    <ClInclude Include="LED.h">
      <Filter>_Components</Filter>
    </ClInclude>
    <ClInclude Include="sensor_actions.h">
      <Filter>_Actions</Filter>
    </ClInclude>
    <ClInclude Include="heater_actions.h">
      <Filter>_Actions</Filter>
    </ClInclude>
    <ClInclude Include="Vector.h">
      <Filter>_Utility</Filter>
    </ClInclude>
    <ClInclude Include="arduino_mega.h">
      <Filter>_Components</Filter>
    </ClInclude>
    <ClInclude Include="sd_shield.h">
      <Filter>_Components</Filter>
    </ClInclude>
    <ClInclude Include="logging_actions.h">
      <Filter>_Actions</Filter>
    </ClInclude>
    <ClInclude Include="Sparkfun_Humid.h" />
    <ClInclude Include="external_temperature_actions.h">
      <Filter>_Actions</Filter>
    </ClInclude>
    <ClInclude Include="Doorman_Actions.h">
      <Filter>_Actions</Filter>
    </ClInclude>
    <ClInclude Include="EventData.h">
      <Filter>_EventHandler</Filter>
    </ClInclude>
    <ClInclude Include="__vm\.Demosat.vsarduino.h" />
  </ItemGroup>
  <ItemGroup>
    <ClCompile Include="Event.cpp">
      <Filter>_EventHandler</Filter>
    </ClCompile>
    <ClCompile Include="EventDictionary.cpp">
      <Filter>_EventHandler</Filter>
    </ClCompile>
    <ClCompile Include="EventHandler.cpp">
      <Filter>_EventHandler</Filter>
    </ClCompile>
    <ClCompile Include="LED.cpp">
      <Filter>_Components</Filter>
    </ClCompile>
    <ClCompile Include="sensor_actions.cpp">
      <Filter>_Actions</Filter>
    </ClCompile>
    <ClCompile Include="heater_actions.cpp">
      <Filter>_Actions</Filter>
    </ClCompile>
    <ClCompile Include="arduino_mega.cpp">
      <Filter>_Components</Filter>
    </ClCompile>
    <ClCompile Include="sd_shield.cpp">
      <Filter>_Components</Filter>
    </ClCompile>
    <ClCompile Include="logging_actions.cpp">
      <Filter>_Actions</Filter>
    </ClCompile>
    <ClCompile Include="Sparkfun_Humid.cpp" />
    <ClCompile Include="external_temperature_actions.cpp">
      <Filter>_Actions</Filter>
    </ClCompile>
    <ClCompile Include="Doorman_actions.cpp">
      <Filter>_Actions</Filter>
    </ClCompile>
  </ItemGroup>
</Project>